// !$*UTF8*$!
{
	archiveVersion = 1;
	classes = {
	};
	objectVersion = 46;
	objects = {

/* Begin PBXBuildFile section */
		4E75C801606A076409BF6BD4 /* Pods_pokedex3.framework in Frameworks */ = {isa = PBXBuildFile; fileRef = 9465DAAE2044A4F97952520A /* Pods_pokedex3.framework */; };
		5C12CEA059CE065774784E1C /* Pods_pokedex3UITests.framework in Frameworks */ = {isa = PBXBuildFile; fileRef = D4602483388EDEC9CF6DA74B /* Pods_pokedex3UITests.framework */; };
		CE614D03AA93E94CF3812F94 /* Pods_pokedex3Tests.framework in Frameworks */ = {isa = PBXBuildFile; fileRef = FC49E896A4CD92F1292F2A28 /* Pods_pokedex3Tests.framework */; };
		F76B7FC71EA75F8F001CC413 /* csv.swift in Sources */ = {isa = PBXBuildFile; fileRef = F76B7FC61EA75F8F001CC413 /* csv.swift */; };
		F76B7FCC1EA7778D001CC413 /* pokemon.ttf in Resources */ = {isa = PBXBuildFile; fileRef = F76B7FCB1EA7778D001CC413 /* pokemon.ttf */; };
		F76B7FCE1EA778CC001CC413 /* music.mp3 in Resources */ = {isa = PBXBuildFile; fileRef = F76B7FCD1EA778CC001CC413 /* music.mp3 */; };
		F76B7FD01EA778D6001CC413 /* music.png in Resources */ = {isa = PBXBuildFile; fileRef = F76B7FCF1EA778D6001CC413 /* music.png */; };
		F76B7FD21EA78B62001CC413 /* PokemonDetailVC.swift in Sources */ = {isa = PBXBuildFile; fileRef = F76B7FD11EA78B62001CC413 /* PokemonDetailVC.swift */; };
		F78723F61E9E4D8300EE13B3 /* AppDelegate.swift in Sources */ = {isa = PBXBuildFile; fileRef = F78723F51E9E4D8300EE13B3 /* AppDelegate.swift */; };
		F78723F81E9E4D8300EE13B3 /* ViewController.swift in Sources */ = {isa = PBXBuildFile; fileRef = F78723F71E9E4D8300EE13B3 /* ViewController.swift */; };
		F78723FB1E9E4D8300EE13B3 /* Main.storyboard in Resources */ = {isa = PBXBuildFile; fileRef = F78723F91E9E4D8300EE13B3 /* Main.storyboard */; };
		F78723FD1E9E4D8300EE13B3 /* Assets.xcassets in Resources */ = {isa = PBXBuildFile; fileRef = F78723FC1E9E4D8300EE13B3 /* Assets.xcassets */; };
		F78724001E9E4D8300EE13B3 /* LaunchScreen.storyboard in Resources */ = {isa = PBXBuildFile; fileRef = F78723FE1E9E4D8300EE13B3 /* LaunchScreen.storyboard */; };
		F787240B1E9E4D8300EE13B3 /* pokedex3Tests.swift in Sources */ = {isa = PBXBuildFile; fileRef = F787240A1E9E4D8300EE13B3 /* pokedex3Tests.swift */; };
		F78724161E9E4D8300EE13B3 /* pokedex3UITests.swift in Sources */ = {isa = PBXBuildFile; fileRef = F78724151E9E4D8300EE13B3 /* pokedex3UITests.swift */; };
		F78724241E9E514100EE13B3 /* pokemon.csv in Resources */ = {isa = PBXBuildFile; fileRef = F78724231E9E514100EE13B3 /* pokemon.csv */; };
		F78724271E9E552300EE13B3 /* Pokemon.swift in Sources */ = {isa = PBXBuildFile; fileRef = F78724261E9E552300EE13B3 /* Pokemon.swift */; };
		F787242A1EA0CACE00EE13B3 /* PokeCell.swift in Sources */ = {isa = PBXBuildFile; fileRef = F78724291EA0CACE00EE13B3 /* PokeCell.swift */; };
/* End PBXBuildFile section */

/* Begin PBXContainerItemProxy section */
		F78724071E9E4D8300EE13B3 /* PBXContainerItemProxy */ = {
			isa = PBXContainerItemProxy;
			containerPortal = F78723EA1E9E4D8300EE13B3 /* Project object */;
			proxyType = 1;
			remoteGlobalIDString = F78723F11E9E4D8300EE13B3;
			remoteInfo = pokedex3;
		};
		F78724121E9E4D8300EE13B3 /* PBXContainerItemProxy */ = {
			isa = PBXContainerItemProxy;
			containerPortal = F78723EA1E9E4D8300EE13B3 /* Project object */;
			proxyType = 1;
			remoteGlobalIDString = F78723F11E9E4D8300EE13B3;
			remoteInfo = pokedex3;
		};
/* End PBXContainerItemProxy section */

/* Begin PBXFileReference section */
		0D77235EC1F8EA9006EC4F53 /* Pods-pokedex3UITests.release.xcconfig */ = {isa = PBXFileReference; includeInIndex = 1; lastKnownFileType = text.xcconfig; name = "Pods-pokedex3UITests.release.xcconfig"; path = "Pods/Target Support Files/Pods-pokedex3UITests/Pods-pokedex3UITests.release.xcconfig"; sourceTree = "<group>"; };
		12DC1DD6CBFBCE945466C939 /* Pods-pokedex3.debug.xcconfig */ = {isa = PBXFileReference; includeInIndex = 1; lastKnownFileType = text.xcconfig; name = "Pods-pokedex3.debug.xcconfig"; path = "Pods/Target Support Files/Pods-pokedex3/Pods-pokedex3.debug.xcconfig"; sourceTree = "<group>"; };
		38BC59A789DD47869D9976CD /* Pods-pokedex3.release.xcconfig */ = {isa = PBXFileReference; includeInIndex = 1; lastKnownFileType = text.xcconfig; name = "Pods-pokedex3.release.xcconfig"; path = "Pods/Target Support Files/Pods-pokedex3/Pods-pokedex3.release.xcconfig"; sourceTree = "<group>"; };
		75C5062F1346374D2E26375E /* Pods-pokedex3Tests.debug.xcconfig */ = {isa = PBXFileReference; includeInIndex = 1; lastKnownFileType = text.xcconfig; name = "Pods-pokedex3Tests.debug.xcconfig"; path = "Pods/Target Support Files/Pods-pokedex3Tests/Pods-pokedex3Tests.debug.xcconfig"; sourceTree = "<group>"; };
		9465DAAE2044A4F97952520A /* Pods_pokedex3.framework */ = {isa = PBXFileReference; explicitFileType = wrapper.framework; includeInIndex = 0; path = Pods_pokedex3.framework; sourceTree = BUILT_PRODUCTS_DIR; };
		9E7EA01344563C1FCEC0B116 /* Pods-pokedex3Tests.release.xcconfig */ = {isa = PBXFileReference; includeInIndex = 1; lastKnownFileType = text.xcconfig; name = "Pods-pokedex3Tests.release.xcconfig"; path = "Pods/Target Support Files/Pods-pokedex3Tests/Pods-pokedex3Tests.release.xcconfig"; sourceTree = "<group>"; };
		D4602483388EDEC9CF6DA74B /* Pods_pokedex3UITests.framework */ = {isa = PBXFileReference; explicitFileType = wrapper.framework; includeInIndex = 0; path = Pods_pokedex3UITests.framework; sourceTree = BUILT_PRODUCTS_DIR; };
		E4C3CC7578C697AB8359F2E5 /* Pods-pokedex3UITests.debug.xcconfig */ = {isa = PBXFileReference; includeInIndex = 1; lastKnownFileType = text.xcconfig; name = "Pods-pokedex3UITests.debug.xcconfig"; path = "Pods/Target Support Files/Pods-pokedex3UITests/Pods-pokedex3UITests.debug.xcconfig"; sourceTree = "<group>"; };
		F76B7FC61EA75F8F001CC413 /* csv.swift */ = {isa = PBXFileReference; fileEncoding = 4; lastKnownFileType = sourcecode.swift; path = csv.swift; sourceTree = "<group>"; };
		F76B7FCB1EA7778D001CC413 /* pokemon.ttf */ = {isa = PBXFileReference; lastKnownFileType = file; path = pokemon.ttf; sourceTree = "<group>"; };
		F76B7FCD1EA778CC001CC413 /* music.mp3 */ = {isa = PBXFileReference; lastKnownFileType = audio.mp3; path = music.mp3; sourceTree = "<group>"; };
		F76B7FCF1EA778D6001CC413 /* music.png */ = {isa = PBXFileReference; lastKnownFileType = image.png; path = music.png; sourceTree = "<group>"; };
		F76B7FD11EA78B62001CC413 /* PokemonDetailVC.swift */ = {isa = PBXFileReference; fileEncoding = 4; lastKnownFileType = sourcecode.swift; path = PokemonDetailVC.swift; sourceTree = "<group>"; };
		F78723F21E9E4D8300EE13B3 /* pokedex3.app */ = {isa = PBXFileReference; explicitFileType = wrapper.application; includeInIndex = 0; path = pokedex3.app; sourceTree = BUILT_PRODUCTS_DIR; };
		F78723F51E9E4D8300EE13B3 /* AppDelegate.swift */ = {isa = PBXFileReference; lastKnownFileType = sourcecode.swift; path = AppDelegate.swift; sourceTree = "<group>"; };
		F78723F71E9E4D8300EE13B3 /* ViewController.swift */ = {isa = PBXFileReference; lastKnownFileType = sourcecode.swift; path = ViewController.swift; sourceTree = "<group>"; };
		F78723FA1E9E4D8300EE13B3 /* Base */ = {isa = PBXFileReference; lastKnownFileType = file.storyboard; name = Base; path = Base.lproj/Main.storyboard; sourceTree = "<group>"; };
		F78723FC1E9E4D8300EE13B3 /* Assets.xcassets */ = {isa = PBXFileReference; lastKnownFileType = folder.assetcatalog; path = Assets.xcassets; sourceTree = "<group>"; };
		F78723FF1E9E4D8300EE13B3 /* Base */ = {isa = PBXFileReference; lastKnownFileType = file.storyboard; name = Base; path = Base.lproj/LaunchScreen.storyboard; sourceTree = "<group>"; };
		F78724011E9E4D8300EE13B3 /* Info.plist */ = {isa = PBXFileReference; lastKnownFileType = text.plist.xml; path = Info.plist; sourceTree = "<group>"; };
		F78724061E9E4D8300EE13B3 /* pokedex3Tests.xctest */ = {isa = PBXFileReference; explicitFileType = wrapper.cfbundle; includeInIndex = 0; path = pokedex3Tests.xctest; sourceTree = BUILT_PRODUCTS_DIR; };
		F787240A1E9E4D8300EE13B3 /* pokedex3Tests.swift */ = {isa = PBXFileReference; lastKnownFileType = sourcecode.swift; path = pokedex3Tests.swift; sourceTree = "<group>"; };
		F787240C1E9E4D8300EE13B3 /* Info.plist */ = {isa = PBXFileReference; lastKnownFileType = text.plist.xml; path = Info.plist; sourceTree = "<group>"; };
		F78724111E9E4D8300EE13B3 /* pokedex3UITests.xctest */ = {isa = PBXFileReference; explicitFileType = wrapper.cfbundle; includeInIndex = 0; path = pokedex3UITests.xctest; sourceTree = BUILT_PRODUCTS_DIR; };
		F78724151E9E4D8300EE13B3 /* pokedex3UITests.swift */ = {isa = PBXFileReference; lastKnownFileType = sourcecode.swift; path = pokedex3UITests.swift; sourceTree = "<group>"; };
		F78724171E9E4D8300EE13B3 /* Info.plist */ = {isa = PBXFileReference; lastKnownFileType = text.plist.xml; path = Info.plist; sourceTree = "<group>"; };
		F78724231E9E514100EE13B3 /* pokemon.csv */ = {isa = PBXFileReference; fileEncoding = 4; lastKnownFileType = text; path = pokemon.csv; sourceTree = "<group>"; };
		F78724261E9E552300EE13B3 /* Pokemon.swift */ = {isa = PBXFileReference; fileEncoding = 4; lastKnownFileType = sourcecode.swift; path = Pokemon.swift; sourceTree = "<group>"; };
		F78724291EA0CACE00EE13B3 /* PokeCell.swift */ = {isa = PBXFileReference; fileEncoding = 4; lastKnownFileType = sourcecode.swift; path = PokeCell.swift; sourceTree = "<group>"; };
		FC49E896A4CD92F1292F2A28 /* Pods_pokedex3Tests.framework */ = {isa = PBXFileReference; explicitFileType = wrapper.framework; includeInIndex = 0; path = Pods_pokedex3Tests.framework; sourceTree = BUILT_PRODUCTS_DIR; };
/* End PBXFileReference section */

/* Begin PBXFrameworksBuildPhase section */
		F78723EF1E9E4D8300EE13B3 /* Frameworks */ = {
			isa = PBXFrameworksBuildPhase;
			buildActionMask = 2147483647;
			files = (
				4E75C801606A076409BF6BD4 /* Pods_pokedex3.framework in Frameworks */,
			);
			runOnlyForDeploymentPostprocessing = 0;
		};
		F78724031E9E4D8300EE13B3 /* Frameworks */ = {
			isa = PBXFrameworksBuildPhase;
			buildActionMask = 2147483647;
			files = (
				CE614D03AA93E94CF3812F94 /* Pods_pokedex3Tests.framework in Frameworks */,
			);
			runOnlyForDeploymentPostprocessing = 0;
		};
		F787240E1E9E4D8300EE13B3 /* Frameworks */ = {
			isa = PBXFrameworksBuildPhase;
			buildActionMask = 2147483647;
			files = (
				5C12CEA059CE065774784E1C /* Pods_pokedex3UITests.framework in Frameworks */,
			);
			runOnlyForDeploymentPostprocessing = 0;
		};
/* End PBXFrameworksBuildPhase section */

/* Begin PBXGroup section */
		601C9C509C613D210CE5FC39 /* Pods */ = {
			isa = PBXGroup;
			children = (
				12DC1DD6CBFBCE945466C939 /* Pods-pokedex3.debug.xcconfig */,
				38BC59A789DD47869D9976CD /* Pods-pokedex3.release.xcconfig */,
				75C5062F1346374D2E26375E /* Pods-pokedex3Tests.debug.xcconfig */,
				9E7EA01344563C1FCEC0B116 /* Pods-pokedex3Tests.release.xcconfig */,
				E4C3CC7578C697AB8359F2E5 /* Pods-pokedex3UITests.debug.xcconfig */,
				0D77235EC1F8EA9006EC4F53 /* Pods-pokedex3UITests.release.xcconfig */,
			);
			name = Pods;
			sourceTree = "<group>";
		};
		B796E9AE796F6E1D795286D0 /* Frameworks */ = {
			isa = PBXGroup;
			children = (
				9465DAAE2044A4F97952520A /* Pods_pokedex3.framework */,
				FC49E896A4CD92F1292F2A28 /* Pods_pokedex3Tests.framework */,
				D4602483388EDEC9CF6DA74B /* Pods_pokedex3UITests.framework */,
			);
			name = Frameworks;
			sourceTree = "<group>";
		};
		F76B7FC81EA767D9001CC413 /* Controller */ = {
			isa = PBXGroup;
			children = (
				F78723F71E9E4D8300EE13B3 /* ViewController.swift */,
				F76B7FD11EA78B62001CC413 /* PokemonDetailVC.swift */,
			);
			name = Controller;
			sourceTree = "<group>";
		};
		F76B7FC91EA767EB001CC413 /* Resources */ = {
			isa = PBXGroup;
			children = (
				F76B7FCB1EA7778D001CC413 /* pokemon.ttf */,
				F78724231E9E514100EE13B3 /* pokemon.csv */,
				F76B7FCD1EA778CC001CC413 /* music.mp3 */,
				F76B7FCF1EA778D6001CC413 /* music.png */,
			);
			name = Resources;
			sourceTree = "<group>";
		};
		F76B7FCA1EA77744001CC413 /* Util */ = {
			isa = PBXGroup;
			children = (
				F76B7FC61EA75F8F001CC413 /* csv.swift */,
			);
			name = Util;
			sourceTree = "<group>";
		};
		F78723E91E9E4D8300EE13B3 = {
			isa = PBXGroup;
			children = (
				F78723F41E9E4D8300EE13B3 /* pokedex3 */,
				F78724091E9E4D8300EE13B3 /* pokedex3Tests */,
				F78724141E9E4D8300EE13B3 /* pokedex3UITests */,
				F78723F31E9E4D8300EE13B3 /* Products */,
				601C9C509C613D210CE5FC39 /* Pods */,
				B796E9AE796F6E1D795286D0 /* Frameworks */,
			);
			sourceTree = "<group>";
		};
		F78723F31E9E4D8300EE13B3 /* Products */ = {
			isa = PBXGroup;
			children = (
				F78723F21E9E4D8300EE13B3 /* pokedex3.app */,
				F78724061E9E4D8300EE13B3 /* pokedex3Tests.xctest */,
				F78724111E9E4D8300EE13B3 /* pokedex3UITests.xctest */,
			);
			name = Products;
			sourceTree = "<group>";
		};
		F78723F41E9E4D8300EE13B3 /* pokedex3 */ = {
			isa = PBXGroup;
			children = (
				F78724251E9E550700EE13B3 /* Model */,
				F78724281EA0CA9E00EE13B3 /* View */,
				F76B7FC81EA767D9001CC413 /* Controller */,
				F76B7FC91EA767EB001CC413 /* Resources */,
				F76B7FCA1EA77744001CC413 /* Util */,
				F78723F51E9E4D8300EE13B3 /* AppDelegate.swift */,
				F78723F91E9E4D8300EE13B3 /* Main.storyboard */,
				F78723FC1E9E4D8300EE13B3 /* Assets.xcassets */,
				F78723FE1E9E4D8300EE13B3 /* LaunchScreen.storyboard */,
				F78724011E9E4D8300EE13B3 /* Info.plist */,
			);
			path = pokedex3;
			sourceTree = "<group>";
		};
		F78724091E9E4D8300EE13B3 /* pokedex3Tests */ = {
			isa = PBXGroup;
			children = (
				F787240A1E9E4D8300EE13B3 /* pokedex3Tests.swift */,
				F787240C1E9E4D8300EE13B3 /* Info.plist */,
			);
			path = pokedex3Tests;
			sourceTree = "<group>";
		};
		F78724141E9E4D8300EE13B3 /* pokedex3UITests */ = {
			isa = PBXGroup;
			children = (
				F78724151E9E4D8300EE13B3 /* pokedex3UITests.swift */,
				F78724171E9E4D8300EE13B3 /* Info.plist */,
			);
			path = pokedex3UITests;
			sourceTree = "<group>";
		};
		F78724251E9E550700EE13B3 /* Model */ = {
			isa = PBXGroup;
			children = (
				F78724261E9E552300EE13B3 /* Pokemon.swift */,
			);
			name = Model;
			sourceTree = "<group>";
		};
		F78724281EA0CA9E00EE13B3 /* View */ = {
			isa = PBXGroup;
			children = (
				F78724291EA0CACE00EE13B3 /* PokeCell.swift */,
			);
			name = View;
			sourceTree = "<group>";
		};
/* End PBXGroup section */

/* Begin PBXNativeTarget section */
		F78723F11E9E4D8300EE13B3 /* pokedex3 */ = {
			isa = PBXNativeTarget;
			buildConfigurationList = F787241A1E9E4D8300EE13B3 /* Build configuration list for PBXNativeTarget "pokedex3" */;
			buildPhases = (
				CAF7375C856E828C9A885F22 /* [CP] Check Pods Manifest.lock */,
				F78723EE1E9E4D8300EE13B3 /* Sources */,
				F78723EF1E9E4D8300EE13B3 /* Frameworks */,
				F78723F01E9E4D8300EE13B3 /* Resources */,
				70A7EC52D5A2AB5A826C5508 /* [CP] Embed Pods Frameworks */,
				54370EADBDED571053EEABDD /* [CP] Copy Pods Resources */,
			);
			buildRules = (
			);
			dependencies = (
			);
			name = pokedex3;
			productName = pokedex3;
			productReference = F78723F21E9E4D8300EE13B3 /* pokedex3.app */;
			productType = "com.apple.product-type.application";
		};
		F78724051E9E4D8300EE13B3 /* pokedex3Tests */ = {
			isa = PBXNativeTarget;
			buildConfigurationList = F787241D1E9E4D8300EE13B3 /* Build configuration list for PBXNativeTarget "pokedex3Tests" */;
			buildPhases = (
				52BFB83AD7C905375B0B4232 /* [CP] Check Pods Manifest.lock */,
				F78724021E9E4D8300EE13B3 /* Sources */,
				F78724031E9E4D8300EE13B3 /* Frameworks */,
				F78724041E9E4D8300EE13B3 /* Resources */,
				50A07C8CD643E431EC03D6F0 /* [CP] Embed Pods Frameworks */,
				C9F390F27093E8C6742BFEF0 /* [CP] Copy Pods Resources */,
			);
			buildRules = (
			);
			dependencies = (
				F78724081E9E4D8300EE13B3 /* PBXTargetDependency */,
			);
			name = pokedex3Tests;
			productName = pokedex3Tests;
			productReference = F78724061E9E4D8300EE13B3 /* pokedex3Tests.xctest */;
			productType = "com.apple.product-type.bundle.unit-test";
		};
		F78724101E9E4D8300EE13B3 /* pokedex3UITests */ = {
			isa = PBXNativeTarget;
			buildConfigurationList = F78724201E9E4D8300EE13B3 /* Build configuration list for PBXNativeTarget "pokedex3UITests" */;
			buildPhases = (
				BF8EBF68018252CECE28FDCF /* [CP] Check Pods Manifest.lock */,
				F787240D1E9E4D8300EE13B3 /* Sources */,
				F787240E1E9E4D8300EE13B3 /* Frameworks */,
				F787240F1E9E4D8300EE13B3 /* Resources */,
				3A9236D8117AABA7132EA180 /* [CP] Embed Pods Frameworks */,
				123A03DAA3FA18A39835F378 /* [CP] Copy Pods Resources */,
			);
			buildRules = (
			);
			dependencies = (
				F78724131E9E4D8300EE13B3 /* PBXTargetDependency */,
			);
			name = pokedex3UITests;
			productName = pokedex3UITests;
			productReference = F78724111E9E4D8300EE13B3 /* pokedex3UITests.xctest */;
			productType = "com.apple.product-type.bundle.ui-testing";
		};
/* End PBXNativeTarget section */

/* Begin PBXProject section */
		F78723EA1E9E4D8300EE13B3 /* Project object */ = {
			isa = PBXProject;
			attributes = {
				LastSwiftUpdateCheck = 0830;
				LastUpgradeCheck = 0830;
				ORGANIZATIONNAME = "Piotr Piotrowski";
				TargetAttributes = {
					F78723F11E9E4D8300EE13B3 = {
						CreatedOnToolsVersion = 8.3.1;
						DevelopmentTeam = R4P7DA4C9R;
						LastSwiftMigration = 0830;
						ProvisioningStyle = Automatic;
					};
					F78724051E9E4D8300EE13B3 = {
						CreatedOnToolsVersion = 8.3.1;
						DevelopmentTeam = R4P7DA4C9R;
						LastSwiftMigration = 0830;
						ProvisioningStyle = Automatic;
						TestTargetID = F78723F11E9E4D8300EE13B3;
					};
					F78724101E9E4D8300EE13B3 = {
						CreatedOnToolsVersion = 8.3.1;
						DevelopmentTeam = R4P7DA4C9R;
						LastSwiftMigration = 0830;
						ProvisioningStyle = Automatic;
						TestTargetID = F78723F11E9E4D8300EE13B3;
					};
				};
			};
			buildConfigurationList = F78723ED1E9E4D8300EE13B3 /* Build configuration list for PBXProject "pokedex3" */;
			compatibilityVersion = "Xcode 3.2";
			developmentRegion = English;
			hasScannedForEncodings = 0;
			knownRegions = (
				en,
				Base,
			);
			mainGroup = F78723E91E9E4D8300EE13B3;
			productRefGroup = F78723F31E9E4D8300EE13B3 /* Products */;
			projectDirPath = "";
			projectRoot = "";
			targets = (
				F78723F11E9E4D8300EE13B3 /* pokedex3 */,
				F78724051E9E4D8300EE13B3 /* pokedex3Tests */,
				F78724101E9E4D8300EE13B3 /* pokedex3UITests */,
			);
		};
/* End PBXProject section */

/* Begin PBXResourcesBuildPhase section */
		F78723F01E9E4D8300EE13B3 /* Resources */ = {
			isa = PBXResourcesBuildPhase;
			buildActionMask = 2147483647;
			files = (
				F76B7FCC1EA7778D001CC413 /* pokemon.ttf in Resources */,
				F76B7FD01EA778D6001CC413 /* music.png in Resources */,
				F78724001E9E4D8300EE13B3 /* LaunchScreen.storyboard in Resources */,
				F76B7FCE1EA778CC001CC413 /* music.mp3 in Resources */,
				F78723FD1E9E4D8300EE13B3 /* Assets.xcassets in Resources */,
				F78724241E9E514100EE13B3 /* pokemon.csv in Resources */,
				F78723FB1E9E4D8300EE13B3 /* Main.storyboard in Resources */,
			);
			runOnlyForDeploymentPostprocessing = 0;
		};
		F78724041E9E4D8300EE13B3 /* Resources */ = {
			isa = PBXResourcesBuildPhase;
			buildActionMask = 2147483647;
			files = (
			);
			runOnlyForDeploymentPostprocessing = 0;
		};
		F787240F1E9E4D8300EE13B3 /* Resources */ = {
			isa = PBXResourcesBuildPhase;
			buildActionMask = 2147483647;
			files = (
			);
			runOnlyForDeploymentPostprocessing = 0;
		};
/* End PBXResourcesBuildPhase section */

/* Begin PBXShellScriptBuildPhase section */
		123A03DAA3FA18A39835F378 /* [CP] Copy Pods Resources */ = {
			isa = PBXShellScriptBuildPhase;
			buildActionMask = 2147483647;
			files = (
			);
			inputPaths = (
			);
			name = "[CP] Copy Pods Resources";
			outputPaths = (
			);
			runOnlyForDeploymentPostprocessing = 0;
			shellPath = /bin/sh;
			shellScript = "\"${SRCROOT}/Pods/Target Support Files/Pods-pokedex3UITests/Pods-pokedex3UITests-resources.sh\"\n";
			showEnvVarsInLog = 0;
		};
		3A9236D8117AABA7132EA180 /* [CP] Embed Pods Frameworks */ = {
			isa = PBXShellScriptBuildPhase;
			buildActionMask = 2147483647;
			files = (
			);
			inputPaths = (
			);
			name = "[CP] Embed Pods Frameworks";
			outputPaths = (
			);
			runOnlyForDeploymentPostprocessing = 0;
			shellPath = /bin/sh;
			shellScript = "\"${SRCROOT}/Pods/Target Support Files/Pods-pokedex3UITests/Pods-pokedex3UITests-frameworks.sh\"\n";
			showEnvVarsInLog = 0;
		};
		50A07C8CD643E431EC03D6F0 /* [CP] Embed Pods Frameworks */ = {
			isa = PBXShellScriptBuildPhase;
			buildActionMask = 2147483647;
			files = (
			);
			inputPaths = (
			);
			name = "[CP] Embed Pods Frameworks";
			outputPaths = (
			);
			runOnlyForDeploymentPostprocessing = 0;
			shellPath = /bin/sh;
			shellScript = "\"${SRCROOT}/Pods/Target Support Files/Pods-pokedex3Tests/Pods-pokedex3Tests-frameworks.sh\"\n";
			showEnvVarsInLog = 0;
		};
		52BFB83AD7C905375B0B4232 /* [CP] Check Pods Manifest.lock */ = {
			isa = PBXShellScriptBuildPhase;
			buildActionMask = 2147483647;
			files = (
			);
			inputPaths = (
			);
			name = "[CP] Check Pods Manifest.lock";
			outputPaths = (
			);
			runOnlyForDeploymentPostprocessing = 0;
			shellPath = /bin/sh;
			shellScript = "diff \"${PODS_ROOT}/../Podfile.lock\" \"${PODS_ROOT}/Manifest.lock\" > /dev/null\nif [ $? != 0 ] ; then\n    # print error to STDERR\n    echo \"error: The sandbox is not in sync with the Podfile.lock. Run 'pod install' or update your CocoaPods installation.\" >&2\n    exit 1\nfi\n";
			showEnvVarsInLog = 0;
		};
		54370EADBDED571053EEABDD /* [CP] Copy Pods Resources */ = {
			isa = PBXShellScriptBuildPhase;
			buildActionMask = 2147483647;
			files = (
			);
			inputPaths = (
			);
			name = "[CP] Copy Pods Resources";
			outputPaths = (
			);
			runOnlyForDeploymentPostprocessing = 0;
			shellPath = /bin/sh;
			shellScript = "\"${SRCROOT}/Pods/Target Support Files/Pods-pokedex3/Pods-pokedex3-resources.sh\"\n";
			showEnvVarsInLog = 0;
		};
		70A7EC52D5A2AB5A826C5508 /* [CP] Embed Pods Frameworks */ = {
			isa = PBXShellScriptBuildPhase;
			buildActionMask = 2147483647;
			files = (
			);
			inputPaths = (
			);
			name = "[CP] Embed Pods Frameworks";
			outputPaths = (
			);
			runOnlyForDeploymentPostprocessing = 0;
			shellPath = /bin/sh;
			shellScript = "\"${SRCROOT}/Pods/Target Support Files/Pods-pokedex3/Pods-pokedex3-frameworks.sh\"\n";
			showEnvVarsInLog = 0;
		};
		BF8EBF68018252CECE28FDCF /* [CP] Check Pods Manifest.lock */ = {
			isa = PBXShellScriptBuildPhase;
			buildActionMask = 2147483647;
			files = (
			);
			inputPaths = (
			);
			name = "[CP] Check Pods Manifest.lock";
			outputPaths = (
			);
			runOnlyForDeploymentPostprocessing = 0;
			shellPath = /bin/sh;
			shellScript = "diff \"${PODS_ROOT}/../Podfile.lock\" \"${PODS_ROOT}/Manifest.lock\" > /dev/null\nif [ $? != 0 ] ; then\n    # print error to STDERR\n    echo \"error: The sandbox is not in sync with the Podfile.lock. Run 'pod install' or update your CocoaPods installation.\" >&2\n    exit 1\nfi\n";
			showEnvVarsInLog = 0;
		};
		C9F390F27093E8C6742BFEF0 /* [CP] Copy Pods Resources */ = {
			isa = PBXShellScriptBuildPhase;
			buildActionMask = 2147483647;
			files = (
			);
			inputPaths = (
			);
			name = "[CP] Copy Pods Resources";
			outputPaths = (
			);
			runOnlyForDeploymentPostprocessing = 0;
			shellPath = /bin/sh;
			shellScript = "\"${SRCROOT}/Pods/Target Support Files/Pods-pokedex3Tests/Pods-pokedex3Tests-resources.sh\"\n";
			showEnvVarsInLog = 0;
		};
		CAF7375C856E828C9A885F22 /* [CP] Check Pods Manifest.lock */ = {
			isa = PBXShellScriptBuildPhase;
			buildActionMask = 2147483647;
			files = (
			);
			inputPaths = (
			);
			name = "[CP] Check Pods Manifest.lock";
			outputPaths = (
			);
			runOnlyForDeploymentPostprocessing = 0;
			shellPath = /bin/sh;
			shellScript = "diff \"${PODS_ROOT}/../Podfile.lock\" \"${PODS_ROOT}/Manifest.lock\" > /dev/null\nif [ $? != 0 ] ; then\n    # print error to STDERR\n    echo \"error: The sandbox is not in sync with the Podfile.lock. Run 'pod install' or update your CocoaPods installation.\" >&2\n    exit 1\nfi\n";
			showEnvVarsInLog = 0;
		};
/* End PBXShellScriptBuildPhase section */

/* Begin PBXSourcesBuildPhase section */
		F78723EE1E9E4D8300EE13B3 /* Sources */ = {
			isa = PBXSourcesBuildPhase;
			buildActionMask = 2147483647;
			files = (
				F787242A1EA0CACE00EE13B3 /* PokeCell.swift in Sources */,
				F78723F81E9E4D8300EE13B3 /* ViewController.swift in Sources */,
				F78723F61E9E4D8300EE13B3 /* AppDelegate.swift in Sources */,
				F76B7FD21EA78B62001CC413 /* PokemonDetailVC.swift in Sources */,
				F78724271E9E552300EE13B3 /* Pokemon.swift in Sources */,
				F76B7FC71EA75F8F001CC413 /* csv.swift in Sources */,
			);
			runOnlyForDeploymentPostprocessing = 0;
		};
		F78724021E9E4D8300EE13B3 /* Sources */ = {
			isa = PBXSourcesBuildPhase;
			buildActionMask = 2147483647;
			files = (
				F787240B1E9E4D8300EE13B3 /* pokedex3Tests.swift in Sources */,
			);
			runOnlyForDeploymentPostprocessing = 0;
		};
		F787240D1E9E4D8300EE13B3 /* Sources */ = {
			isa = PBXSourcesBuildPhase;
			buildActionMask = 2147483647;
			files = (
				F78724161E9E4D8300EE13B3 /* pokedex3UITests.swift in Sources */,
			);
			runOnlyForDeploymentPostprocessing = 0;
		};
/* End PBXSourcesBuildPhase section */

/* Begin PBXTargetDependency section */
		F78724081E9E4D8300EE13B3 /* PBXTargetDependency */ = {
			isa = PBXTargetDependency;
			target = F78723F11E9E4D8300EE13B3 /* pokedex3 */;
			targetProxy = F78724071E9E4D8300EE13B3 /* PBXContainerItemProxy */;
		};
		F78724131E9E4D8300EE13B3 /* PBXTargetDependency */ = {
			isa = PBXTargetDependency;
			target = F78723F11E9E4D8300EE13B3 /* pokedex3 */;
			targetProxy = F78724121E9E4D8300EE13B3 /* PBXContainerItemProxy */;
		};
/* End PBXTargetDependency section */

/* Begin PBXVariantGroup section */
		F78723F91E9E4D8300EE13B3 /* Main.storyboard */ = {
			isa = PBXVariantGroup;
			children = (
				F78723FA1E9E4D8300EE13B3 /* Base */,
			);
			name = Main.storyboard;
			sourceTree = "<group>";
		};
		F78723FE1E9E4D8300EE13B3 /* LaunchScreen.storyboard */ = {
			isa = PBXVariantGroup;
			children = (
				F78723FF1E9E4D8300EE13B3 /* Base */,
			);
			name = LaunchScreen.storyboard;
			sourceTree = "<group>";
		};
/* End PBXVariantGroup section */

/* Begin XCBuildConfiguration section */
		F78724181E9E4D8300EE13B3 /* Debug */ = {
			isa = XCBuildConfiguration;
			buildSettings = {
				ALWAYS_SEARCH_USER_PATHS = NO;
				CLANG_ANALYZER_NONNULL = YES;
				CLANG_ANALYZER_NUMBER_OBJECT_CONVERSION = YES_AGGRESSIVE;
				CLANG_CXX_LANGUAGE_STANDARD = "gnu++0x";
				CLANG_CXX_LIBRARY = "libc++";
				CLANG_ENABLE_MODULES = YES;
				CLANG_ENABLE_OBJC_ARC = YES;
				CLANG_WARN_BOOL_CONVERSION = YES;
				CLANG_WARN_CONSTANT_CONVERSION = YES;
				CLANG_WARN_DIRECT_OBJC_ISA_USAGE = YES_ERROR;
				CLANG_WARN_DOCUMENTATION_COMMENTS = YES;
				CLANG_WARN_EMPTY_BODY = YES;
				CLANG_WARN_ENUM_CONVERSION = YES;
				CLANG_WARN_INFINITE_RECURSION = YES;
				CLANG_WARN_INT_CONVERSION = YES;
				CLANG_WARN_OBJC_ROOT_CLASS = YES_ERROR;
				CLANG_WARN_SUSPICIOUS_MOVE = YES;
				CLANG_WARN_UNREACHABLE_CODE = YES;
				CLANG_WARN__DUPLICATE_METHOD_MATCH = YES;
				"CODE_SIGN_IDENTITY[sdk=iphoneos*]" = "iPhone Developer";
				COPY_PHASE_STRIP = NO;
				DEBUG_INFORMATION_FORMAT = dwarf;
				ENABLE_STRICT_OBJC_MSGSEND = YES;
				ENABLE_TESTABILITY = YES;
				GCC_C_LANGUAGE_STANDARD = gnu99;
				GCC_DYNAMIC_NO_PIC = NO;
				GCC_NO_COMMON_BLOCKS = YES;
				GCC_OPTIMIZATION_LEVEL = 0;
				GCC_PREPROCESSOR_DEFINITIONS = (
					"DEBUG=1",
					"$(inherited)",
				);
				GCC_WARN_64_TO_32_BIT_CONVERSION = YES;
				GCC_WARN_ABOUT_RETURN_TYPE = YES_ERROR;
				GCC_WARN_UNDECLARED_SELECTOR = YES;
				GCC_WARN_UNINITIALIZED_AUTOS = YES_AGGRESSIVE;
				GCC_WARN_UNUSED_FUNCTION = YES;
				GCC_WARN_UNUSED_VARIABLE = YES;
				IPHONEOS_DEPLOYMENT_TARGET = 10.3;
				MTL_ENABLE_DEBUG_INFO = YES;
				ONLY_ACTIVE_ARCH = YES;
				SDKROOT = iphoneos;
				SWIFT_ACTIVE_COMPILATION_CONDITIONS = DEBUG;
				SWIFT_OPTIMIZATION_LEVEL = "-Onone";
			};
			name = Debug;
		};
		F78724191E9E4D8300EE13B3 /* Release */ = {
			isa = XCBuildConfiguration;
			buildSettings = {
				ALWAYS_SEARCH_USER_PATHS = NO;
				CLANG_ANALYZER_NONNULL = YES;
				CLANG_ANALYZER_NUMBER_OBJECT_CONVERSION = YES_AGGRESSIVE;
				CLANG_CXX_LANGUAGE_STANDARD = "gnu++0x";
				CLANG_CXX_LIBRARY = "libc++";
				CLANG_ENABLE_MODULES = YES;
				CLANG_ENABLE_OBJC_ARC = YES;
				CLANG_WARN_BOOL_CONVERSION = YES;
				CLANG_WARN_CONSTANT_CONVERSION = YES;
				CLANG_WARN_DIRECT_OBJC_ISA_USAGE = YES_ERROR;
				CLANG_WARN_DOCUMENTATION_COMMENTS = YES;
				CLANG_WARN_EMPTY_BODY = YES;
				CLANG_WARN_ENUM_CONVERSION = YES;
				CLANG_WARN_INFINITE_RECURSION = YES;
				CLANG_WARN_INT_CONVERSION = YES;
				CLANG_WARN_OBJC_ROOT_CLASS = YES_ERROR;
				CLANG_WARN_SUSPICIOUS_MOVE = YES;
				CLANG_WARN_UNREACHABLE_CODE = YES;
				CLANG_WARN__DUPLICATE_METHOD_MATCH = YES;
				"CODE_SIGN_IDENTITY[sdk=iphoneos*]" = "iPhone Developer";
				COPY_PHASE_STRIP = NO;
				DEBUG_INFORMATION_FORMAT = "dwarf-with-dsym";
				ENABLE_NS_ASSERTIONS = NO;
				ENABLE_STRICT_OBJC_MSGSEND = YES;
				GCC_C_LANGUAGE_STANDARD = gnu99;
				GCC_NO_COMMON_BLOCKS = YES;
				GCC_WARN_64_TO_32_BIT_CONVERSION = YES;
				GCC_WARN_ABOUT_RETURN_TYPE = YES_ERROR;
				GCC_WARN_UNDECLARED_SELECTOR = YES;
				GCC_WARN_UNINITIALIZED_AUTOS = YES_AGGRESSIVE;
				GCC_WARN_UNUSED_FUNCTION = YES;
				GCC_WARN_UNUSED_VARIABLE = YES;
				IPHONEOS_DEPLOYMENT_TARGET = 10.3;
				MTL_ENABLE_DEBUG_INFO = NO;
				SDKROOT = iphoneos;
				SWIFT_OPTIMIZATION_LEVEL = "-Owholemodule";
				VALIDATE_PRODUCT = YES;
			};
			name = Release;
		};
		F787241B1E9E4D8300EE13B3 /* Debug */ = {
			isa = XCBuildConfiguration;
			baseConfigurationReference = 12DC1DD6CBFBCE945466C939 /* Pods-pokedex3.debug.xcconfig */;
			buildSettings = {
				ASSETCATALOG_COMPILER_APPICON_NAME = AppIcon;
				DEVELOPMENT_TEAM = R4P7DA4C9R;
				INFOPLIST_FILE = pokedex3/Info.plist;
				LD_RUNPATH_SEARCH_PATHS = "$(inherited) @executable_path/Frameworks";
				PRODUCT_BUNDLE_IDENTIFIER = com.piotrovski.pokedex3;
				PRODUCT_NAME = "$(TARGET_NAME)";
				SWIFT_VERSION = 3.0;
			};
			name = Debug;
		};
		F787241C1E9E4D8300EE13B3 /* Release */ = {
			isa = XCBuildConfiguration;
			baseConfigurationReference = 38BC59A789DD47869D9976CD /* Pods-pokedex3.release.xcconfig */;
			buildSettings = {
				ASSETCATALOG_COMPILER_APPICON_NAME = AppIcon;
				DEVELOPMENT_TEAM = R4P7DA4C9R;
				INFOPLIST_FILE = pokedex3/Info.plist;
				LD_RUNPATH_SEARCH_PATHS = "$(inherited) @executable_path/Frameworks";
				PRODUCT_BUNDLE_IDENTIFIER = com.piotrovski.pokedex3;
				PRODUCT_NAME = "$(TARGET_NAME)";
				SWIFT_VERSION = 3.0;
			};
			name = Release;
		};
		F787241E1E9E4D8300EE13B3 /* Debug */ = {
			isa = XCBuildConfiguration;
			baseConfigurationReference = 75C5062F1346374D2E26375E /* Pods-pokedex3Tests.debug.xcconfig */;
			buildSettings = {
				ALWAYS_EMBED_SWIFT_STANDARD_LIBRARIES = YES;
				BUNDLE_LOADER = "$(TEST_HOST)";
				DEVELOPMENT_TEAM = R4P7DA4C9R;
				INFOPLIST_FILE = pokedex3Tests/Info.plist;
				LD_RUNPATH_SEARCH_PATHS = "$(inherited) @executable_path/Frameworks @loader_path/Frameworks";
				PRODUCT_BUNDLE_IDENTIFIER = com.piotrovski.pokedex3Tests;
				PRODUCT_NAME = "$(TARGET_NAME)";
				SWIFT_VERSION = 3.0;
				TEST_HOST = "$(BUILT_PRODUCTS_DIR)/pokedex3.app/pokedex3";
			};
			name = Debug;
		};
		F787241F1E9E4D8300EE13B3 /* Release */ = {
			isa = XCBuildConfiguration;
			baseConfigurationReference = 9E7EA01344563C1FCEC0B116 /* Pods-pokedex3Tests.release.xcconfig */;
			buildSettings = {
				ALWAYS_EMBED_SWIFT_STANDARD_LIBRARIES = YES;
				BUNDLE_LOADER = "$(TEST_HOST)";
				DEVELOPMENT_TEAM = R4P7DA4C9R;
				INFOPLIST_FILE = pokedex3Tests/Info.plist;
				LD_RUNPATH_SEARCH_PATHS = "$(inherited) @executable_path/Frameworks @loader_path/Frameworks";
				PRODUCT_BUNDLE_IDENTIFIER = com.piotrovski.pokedex3Tests;
				PRODUCT_NAME = "$(TARGET_NAME)";
				SWIFT_VERSION = 3.0;
				TEST_HOST = "$(BUILT_PRODUCTS_DIR)/pokedex3.app/pokedex3";
			};
			name = Release;
		};
		F78724211E9E4D8300EE13B3 /* Debug */ = {
			isa = XCBuildConfiguration;
			baseConfigurationReference = E4C3CC7578C697AB8359F2E5 /* Pods-pokedex3UITests.debug.xcconfig */;
			buildSettings = {
				ALWAYS_EMBED_SWIFT_STANDARD_LIBRARIES = YES;
				DEVELOPMENT_TEAM = R4P7DA4C9R;
				INFOPLIST_FILE = pokedex3UITests/Info.plist;
				LD_RUNPATH_SEARCH_PATHS = "$(inherited) @executable_path/Frameworks @loader_path/Frameworks";
				PRODUCT_BUNDLE_IDENTIFIER = com.piotrovski.pokedex3UITests;
				PRODUCT_NAME = "$(TARGET_NAME)";
				SWIFT_VERSION = 3.0;
				TEST_TARGET_NAME = pokedex3;
			};
			name = Debug;
		};
		F78724221E9E4D8300EE13B3 /* Release */ = {
			isa = XCBuildConfiguration;
			baseConfigurationReference = 0D77235EC1F8EA9006EC4F53 /* Pods-pokedex3UITests.release.xcconfig */;
			buildSettings = {
				ALWAYS_EMBED_SWIFT_STANDARD_LIBRARIES = YES;
				DEVELOPMENT_TEAM = R4P7DA4C9R;
				INFOPLIST_FILE = pokedex3UITests/Info.plist;
				LD_RUNPATH_SEARCH_PATHS = "$(inherited) @executable_path/Frameworks @loader_path/Frameworks";
				PRODUCT_BUNDLE_IDENTIFIER = com.piotrovski.pokedex3UITests;
				PRODUCT_NAME = "$(TARGET_NAME)";
				SWIFT_VERSION = 3.0;
				TEST_TARGET_NAME = pokedex3;
			};
			name = Release;
		};
/* End XCBuildConfiguration section */

/* Begin XCConfigurationList section */
		F78723ED1E9E4D8300EE13B3 /* Build configuration list for PBXProject "pokedex3" */ = {
			isa = XCConfigurationList;
			buildConfigurations = (
				F78724181E9E4D8300EE13B3 /* Debug */,
				F78724191E9E4D8300EE13B3 /* Release */,
			);
			defaultConfigurationIsVisible = 0;
			defaultConfigurationName = Release;
		};
		F787241A1E9E4D8300EE13B3 /* Build configuration list for PBXNativeTarget "pokedex3" */ = {
			isa = XCConfigurationList;
			buildConfigurations = (
				F787241B1E9E4D8300EE13B3 /* Debug */,
				F787241C1E9E4D8300EE13B3 /* Release */,
			);
			defaultConfigurationIsVisible = 0;
			defaultConfigurationName = Release;
		};
		F787241D1E9E4D8300EE13B3 /* Build configuration list for PBXNativeTarget "pokedex3Tests" */ = {
			isa = XCConfigurationList;
			buildConfigurations = (
				F787241E1E9E4D8300EE13B3 /* Debug */,
				F787241F1E9E4D8300EE13B3 /* Release */,
			);
			defaultConfigurationIsVisible = 0;
			defaultConfigurationName = Release;
		};
		F78724201E9E4D8300EE13B3 /* Build configuration list for PBXNativeTarget "pokedex3UITests" */ = {
			isa = XCConfigurationList;
			buildConfigurations = (
				F78724211E9E4D8300EE13B3 /* Debug */,
				F78724221E9E4D8300EE13B3 /* Release */,
			);
			defaultConfigurationIsVisible = 0;
			defaultConfigurationName = Release;
		};
/* End XCConfigurationList section */
	};
	rootObject = F78723EA1E9E4D8300EE13B3 /* Project object */;
}
